
Microsoft Visual Studio Solution File, Format Version 12.00
# Visual Studio Version 16
VisualStudioVersion = 16.0.32630.194
MinimumVisualStudioVersion = 10.0.40219.1
Project("{FAE04EC0-301F-11D3-BF4B-00C04F79EFBC}") = "ApiTestAutomation.Core", "ApiTestAutomation.Core\ApiTestAutomation.Core.csproj", "{61D3ECDC-593A-4FA1-AEDC-3E4DEC7A5A96}"
EndProject
Project("{FAE04EC0-301F-11D3-BF4B-00C04F79EFBC}") = "ApiTestAutomation.Reporting", "ApiTestAutomation.Reporting\ApiTestAutomation.Reporting.csproj", "{DA40325F-B38E-419B-93E9-0D08D3D1B33A}"
EndProject
Project("{9A19103F-16F7-4668-BE54-9A1E7A4F7556}") = "ApiTestAutomation.Test", "ApiTestAutomation.Test\ApiTestAutomation.Test.csproj", "{A10D7309-9FEC-4E94-BD51-3039EF765B20}"
EndProject
Global
	GlobalSection(SolutionConfigurationPlatforms) = preSolution
		Debug|Any CPU = Debug|Any CPU
		Release|Any CPU = Release|Any CPU
	EndGlobalSection
	GlobalSection(ProjectConfigurationPlatforms) = postSolution
		{61D3ECDC-593A-4FA1-AEDC-3E4DEC7A5A96}.Debug|Any CPU.ActiveCfg = Debug|Any CPU
		{61D3ECDC-593A-4FA1-AEDC-3E4DEC7A5A96}.Debug|Any CPU.Build.0 = Debug|Any CPU
		{61D3ECDC-593A-4FA1-AEDC-3E4DEC7A5A96}.Release|Any CPU.ActiveCfg = Release|Any CPU
		{61D3ECDC-593A-4FA1-AEDC-3E4DEC7A5A96}.Release|Any CPU.Build.0 = Release|Any CPU
		{DA40325F-B38E-419B-93E9-0D08D3D1B33A}.Debug|Any CPU.ActiveCfg = Debug|Any CPU
		{DA40325F-B38E-419B-93E9-0D08D3D1B33A}.Debug|Any CPU.Build.0 = Debug|Any CPU
		{DA40325F-B38E-419B-93E9-0D08D3D1B33A}.Release|Any CPU.ActiveCfg = Release|Any CPU
		{DA40325F-B38E-419B-93E9-0D08D3D1B33A}.Release|Any CPU.Build.0 = Release|Any CPU
		{A10D7309-9FEC-4E94-BD51-3039EF765B20}.Debug|Any CPU.ActiveCfg = Debug|Any CPU
		{A10D7309-9FEC-4E94-BD51-3039EF765B20}.Debug|Any CPU.Build.0 = Debug|Any CPU
		{A10D7309-9FEC-4E94-BD51-3039EF765B20}.Release|Any CPU.ActiveCfg = Release|Any CPU
		{A10D7309-9FEC-4E94-BD51-3039EF765B20}.Release|Any CPU.Build.0 = Release|Any CPU
	EndGlobalSection
	GlobalSection(SolutionProperties) = preSolution
		HideSolutionNode = FALSE
	EndGlobalSection
	GlobalSection(ExtensibilityGlobals) = postSolution
		SolutionGuid = {E128AA6C-32A5-4E9D-9B68-765FCFBEE32C}
	EndGlobalSection
EndGlobal
